
Microsoft Visual Studio Solution File, Format Version 12.00
# Visual Studio Version 17
VisualStudioVersion = 17.3.32929.385
MinimumVisualStudioVersion = 10.0.40219.1
Project("{FAE04EC0-301F-11D3-BF4B-00C04F79EFBC}") = "retry1outiljeux2D", "retry1outiljeux2D.csproj", "{733C16D9-358C-4C06-8D86-CE27FD443C3F}"
EndProject
Global
	GlobalSection(SolutionConfigurationPlatforms) = preSolution
		Debug|Any CPU = Debug|Any CPU
		Release|Any CPU = Release|Any CPU
	EndGlobalSection
	GlobalSection(ProjectConfigurationPlatforms) = postSolution
		{733C16D9-358C-4C06-8D86-CE27FD443C3F}.Debug|Any CPU.ActiveCfg = Debug|Any CPU
		{733C16D9-358C-4C06-8D86-CE27FD443C3F}.Debug|Any CPU.Build.0 = Debug|Any CPU
		{733C16D9-358C-4C06-8D86-CE27FD443C3F}.Release|Any CPU.ActiveCfg = Release|Any CPU
		{733C16D9-358C-4C06-8D86-CE27FD443C3F}.Release|Any CPU.Build.0 = Release|Any CPU
	EndGlobalSection
	GlobalSection(SolutionProperties) = preSolution
		HideSolutionNode = FALSE
	EndGlobalSection
	GlobalSection(ExtensibilityGlobals) = postSolution
		SolutionGuid = {9006DD54-C31A-47F4-B611-44E5A7C71348}
	EndGlobalSection
EndGlobal
