
Microsoft Visual Studio Solution File, Format Version 12.00
# Visual Studio Version 17
VisualStudioVersion = 17.3.32929.385
MinimumVisualStudioVersion = 10.0.40219.1
Project("{FAE04EC0-301F-11D3-BF4B-00C04F79EFBC}") = "outiljeux2D", "outiljeux2D.csproj", "{DDE9FFFC-D6B0-47AD-9FC7-50ACF21DF038}"
EndProject
Global
	GlobalSection(SolutionConfigurationPlatforms) = preSolution
		Debug|Any CPU = Debug|Any CPU
		Release|Any CPU = Release|Any CPU
	EndGlobalSection
	GlobalSection(ProjectConfigurationPlatforms) = postSolution
		{DDE9FFFC-D6B0-47AD-9FC7-50ACF21DF038}.Debug|Any CPU.ActiveCfg = Debug|Any CPU
		{DDE9FFFC-D6B0-47AD-9FC7-50ACF21DF038}.Debug|Any CPU.Build.0 = Debug|Any CPU
		{DDE9FFFC-D6B0-47AD-9FC7-50ACF21DF038}.Release|Any CPU.ActiveCfg = Release|Any CPU
		{DDE9FFFC-D6B0-47AD-9FC7-50ACF21DF038}.Release|Any CPU.Build.0 = Release|Any CPU
	EndGlobalSection
	GlobalSection(SolutionProperties) = preSolution
		HideSolutionNode = FALSE
	EndGlobalSection
	GlobalSection(ExtensibilityGlobals) = postSolution
		SolutionGuid = {A924C672-6E60-4C2A-B72A-BEB0A6F70AFD}
	EndGlobalSection
EndGlobal
